# This file was autogenerated by Stack.
# You should not edit this file by hand.
# For more information, please see the documentation at:
#   https://docs.haskellstack.org/en/stable/lock_files

packages:
- completed:
    hackage: proctest-0.1.3.0@sha256:50f4b257c32da09e08419791841c3af505493833443b526b6e00aa5b175d405a,1611
    pantry-tree:
      size: 341
      sha256: 1559dc1d904350cc8ba9da05e91b250f2e384557ae9b53b301fecdcd3155fbde
  original:
    hackage: proctest-0.1.3.0
snapshots:
- completed:
    size: 498155
    url: https://raw.githubusercontent.com/commercialhaskell/stackage-snapshots/master/lts/13/19.yaml
    sha256: b9367a80d4393d02e58a46b8a9fdfbd7bc19f59c0c2bbf90034ba15cf52cf213
  original: lts-13.19
